// !$*UTF8*$!
{
	archiveVersion = 1;
	classes = {
	};
	objectVersion = 50;
	objects = {

/* Begin PBXBuildFile section */
		1007CBE8243C2ACC006FE6D2 /* Icon.swift in Sources */ = {isa = PBXBuildFile; fileRef = 1007CBE7243C2ACC006FE6D2 /* Icon.swift */; };
		1007CBEC243C2E19006FE6D2 /* Service.swift in Sources */ = {isa = PBXBuildFile; fileRef = 1007CBEB243C2E19006FE6D2 /* Service.swift */; };
		1007CBEE243C2E46006FE6D2 /* Container.swift in Sources */ = {isa = PBXBuildFile; fileRef = 1007CBED243C2E46006FE6D2 /* Container.swift */; };
		1007CBF1243C2FF2006FE6D2 /* CleanUrl.swift in Sources */ = {isa = PBXBuildFile; fileRef = 1007CBF0243C2FF2006FE6D2 /* CleanUrl.swift */; };
		1007CBF3243C343F006FE6D2 /* Single.swift in Sources */ = {isa = PBXBuildFile; fileRef = 1007CBF2243C343F006FE6D2 /* Single.swift */; };
		1007CBF5243C4151006FE6D2 /* State.swift in Sources */ = {isa = PBXBuildFile; fileRef = 1007CBF4243C4151006FE6D2 /* State.swift */; };
		103B5E0A241A980600D2001A /* DropUrl.swift in Sources */ = {isa = PBXBuildFile; fileRef = 103B5E09241A980600D2001A /* DropUrl.swift */; };
		103B5E0D241A9A7600D2001A /* MainView.swift in Sources */ = {isa = PBXBuildFile; fileRef = 103B5E0C241A9A7600D2001A /* MainView.swift */; };
		103B5E0E241AA3CE00D2001A /* libpurl.a in Frameworks */ = {isa = PBXBuildFile; fileRef = 10A3E729241602D70091449E /* libpurl.a */; };
		1073C6E7241C3DE50049CC65 /* Geometry.swift in Sources */ = {isa = PBXBuildFile; fileRef = 1073C6E6241C3DE50049CC65 /* Geometry.swift */; };
		1073C6E9241E74D00049CC65 /* Ref.swift in Sources */ = {isa = PBXBuildFile; fileRef = 1073C6E8241E74D00049CC65 /* Ref.swift */; };
		108056C9243D6F2600DFFAE7 /* NotificationView.swift in Sources */ = {isa = PBXBuildFile; fileRef = 108056C8243D6F2600DFFAE7 /* NotificationView.swift */; };
		108056CB243D6FD600DFFAE7 /* ShowNotification.swift in Sources */ = {isa = PBXBuildFile; fileRef = 108056CA243D6FD600DFFAE7 /* ShowNotification.swift */; };
		108056CD243D75F300DFFAE7 /* NotificationView.storyboard in Resources */ = {isa = PBXBuildFile; fileRef = 108056CC243D75F300DFFAE7 /* NotificationView.storyboard */; };
		108056CF243D80C100DFFAE7 /* Dispatch.swift in Sources */ = {isa = PBXBuildFile; fileRef = 108056CE243D80C100DFFAE7 /* Dispatch.swift */; };
		1084C222243AE071009B7DB1 /* App.storyboard in Resources */ = {isa = PBXBuildFile; fileRef = 1084C221243AE071009B7DB1 /* App.storyboard */; };
		1084C224243AE2F8009B7DB1 /* Menu.swift in Sources */ = {isa = PBXBuildFile; fileRef = 1084C223243AE2F8009B7DB1 /* Menu.swift */; };
		10A0B69C241C122B00FB2343 /* Purl.swift in Sources */ = {isa = PBXBuildFile; fileRef = 10A0B69B241C122B00FB2343 /* Purl.swift */; };
		10A3E6FC2415FEBF0091449E /* AppDelegate.swift in Sources */ = {isa = PBXBuildFile; fileRef = 10A3E6FB2415FEBF0091449E /* AppDelegate.swift */; };
		10A3E7002415FEC00091449E /* Assets.xcassets in Resources */ = {isa = PBXBuildFile; fileRef = 10A3E6FF2415FEC00091449E /* Assets.xcassets */; };
		10A3E7032415FEC00091449E /* Preview Assets.xcassets in Resources */ = {isa = PBXBuildFile; fileRef = 10A3E7022415FEC00091449E /* Preview Assets.xcassets */; };
		10A3E7122415FEC00091449E /* PurlTests.swift in Sources */ = {isa = PBXBuildFile; fileRef = 10A3E7112415FEC00091449E /* PurlTests.swift */; };
		10C73DBC243D90E5009E57C0 /* Command.swift in Sources */ = {isa = PBXBuildFile; fileRef = 10C73DBB243D90E5009E57C0 /* Command.swift */; };
		10E09AFC243A6F9D002F87F8 /* MenuItem.swift in Sources */ = {isa = PBXBuildFile; fileRef = 10E09AFB243A6F9D002F87F8 /* MenuItem.swift */; };
		10E09B01243A7472002F87F8 /* QuitApplication.swift in Sources */ = {isa = PBXBuildFile; fileRef = 10E09B00243A7472002F87F8 /* QuitApplication.swift */; };
		10E09B03243A749B002F87F8 /* ShowPreferences.swift in Sources */ = {isa = PBXBuildFile; fileRef = 10E09B02243A749B002F87F8 /* ShowPreferences.swift */; };
		10E09B05243A74B3002F87F8 /* CleanCopiedUrl.swift in Sources */ = {isa = PBXBuildFile; fileRef = 10E09B04243A74B3002F87F8 /* CleanCopiedUrl.swift */; };
/* End PBXBuildFile section */

/* Begin PBXContainerItemProxy section */
		10A3E70E2415FEC00091449E /* PBXContainerItemProxy */ = {
			isa = PBXContainerItemProxy;
			containerPortal = 10A3E6F02415FEBF0091449E /* Project object */;
			proxyType = 1;
			remoteGlobalIDString = 10A3E6F72415FEBF0091449E;
			remoteInfo = Purl;
		};
/* End PBXContainerItemProxy section */

/* Begin PBXFileReference section */
		1007CBE7243C2ACC006FE6D2 /* Icon.swift */ = {isa = PBXFileReference; lastKnownFileType = sourcecode.swift; path = Icon.swift; sourceTree = "<group>"; };
		1007CBEB243C2E19006FE6D2 /* Service.swift */ = {isa = PBXFileReference; lastKnownFileType = sourcecode.swift; path = Service.swift; sourceTree = "<group>"; };
		1007CBED243C2E46006FE6D2 /* Container.swift */ = {isa = PBXFileReference; lastKnownFileType = sourcecode.swift; path = Container.swift; sourceTree = "<group>"; };
		1007CBF0243C2FF2006FE6D2 /* CleanUrl.swift */ = {isa = PBXFileReference; lastKnownFileType = sourcecode.swift; path = CleanUrl.swift; sourceTree = "<group>"; };
		1007CBF2243C343F006FE6D2 /* Single.swift */ = {isa = PBXFileReference; lastKnownFileType = sourcecode.swift; path = Single.swift; sourceTree = "<group>"; };
		1007CBF4243C4151006FE6D2 /* State.swift */ = {isa = PBXFileReference; lastKnownFileType = sourcecode.swift; path = State.swift; sourceTree = "<group>"; };
		103B5E09241A980600D2001A /* DropUrl.swift */ = {isa = PBXFileReference; lastKnownFileType = sourcecode.swift; path = DropUrl.swift; sourceTree = "<group>"; };
		103B5E0C241A9A7600D2001A /* MainView.swift */ = {isa = PBXFileReference; lastKnownFileType = sourcecode.swift; path = MainView.swift; sourceTree = "<group>"; };
		1073C6E6241C3DE50049CC65 /* Geometry.swift */ = {isa = PBXFileReference; lastKnownFileType = sourcecode.swift; path = Geometry.swift; sourceTree = "<group>"; };
		1073C6E8241E74D00049CC65 /* Ref.swift */ = {isa = PBXFileReference; lastKnownFileType = sourcecode.swift; path = Ref.swift; sourceTree = "<group>"; };
		108056C8243D6F2600DFFAE7 /* NotificationView.swift */ = {isa = PBXFileReference; lastKnownFileType = sourcecode.swift; path = NotificationView.swift; sourceTree = "<group>"; };
		108056CA243D6FD600DFFAE7 /* ShowNotification.swift */ = {isa = PBXFileReference; lastKnownFileType = sourcecode.swift; path = ShowNotification.swift; sourceTree = "<group>"; };
		108056CC243D75F300DFFAE7 /* NotificationView.storyboard */ = {isa = PBXFileReference; lastKnownFileType = file.storyboard; path = NotificationView.storyboard; sourceTree = "<group>"; };
		108056CE243D80C100DFFAE7 /* Dispatch.swift */ = {isa = PBXFileReference; lastKnownFileType = sourcecode.swift; path = Dispatch.swift; sourceTree = "<group>"; };
		1084C221243AE071009B7DB1 /* App.storyboard */ = {isa = PBXFileReference; lastKnownFileType = file.storyboard; name = App.storyboard; path = Base.lproj/App.storyboard; sourceTree = "<group>"; };
		1084C223243AE2F8009B7DB1 /* Menu.swift */ = {isa = PBXFileReference; lastKnownFileType = sourcecode.swift; path = Menu.swift; sourceTree = "<group>"; };
		10A0B69B241C122B00FB2343 /* Purl.swift */ = {isa = PBXFileReference; lastKnownFileType = sourcecode.swift; path = Purl.swift; sourceTree = "<group>"; };
		10A3E6F82415FEBF0091449E /* Purl.app */ = {isa = PBXFileReference; explicitFileType = wrapper.application; includeInIndex = 0; path = Purl.app; sourceTree = BUILT_PRODUCTS_DIR; };
		10A3E6FB2415FEBF0091449E /* AppDelegate.swift */ = {isa = PBXFileReference; lastKnownFileType = sourcecode.swift; path = AppDelegate.swift; sourceTree = "<group>"; };
		10A3E6FF2415FEC00091449E /* Assets.xcassets */ = {isa = PBXFileReference; lastKnownFileType = folder.assetcatalog; path = Assets.xcassets; sourceTree = "<group>"; };
		10A3E7022415FEC00091449E /* Preview Assets.xcassets */ = {isa = PBXFileReference; lastKnownFileType = folder.assetcatalog; path = "Preview Assets.xcassets"; sourceTree = "<group>"; };
		10A3E7072415FEC00091449E /* Info.plist */ = {isa = PBXFileReference; lastKnownFileType = text.plist.xml; path = Info.plist; sourceTree = "<group>"; };
		10A3E7082415FEC00091449E /* Purl.entitlements */ = {isa = PBXFileReference; lastKnownFileType = text.plist.entitlements; path = Purl.entitlements; sourceTree = "<group>"; };
		10A3E70D2415FEC00091449E /* PurlTests.xctest */ = {isa = PBXFileReference; explicitFileType = wrapper.cfbundle; includeInIndex = 0; path = PurlTests.xctest; sourceTree = BUILT_PRODUCTS_DIR; };
		10A3E7112415FEC00091449E /* PurlTests.swift */ = {isa = PBXFileReference; lastKnownFileType = sourcecode.swift; path = PurlTests.swift; sourceTree = "<group>"; };
		10A3E7132415FEC00091449E /* Info.plist */ = {isa = PBXFileReference; lastKnownFileType = text.plist.xml; path = Info.plist; sourceTree = "<group>"; };
		10A3E728241602460091449E /* Purl-Bridging-Header.h */ = {isa = PBXFileReference; lastKnownFileType = sourcecode.c.h; path = "Purl-Bridging-Header.h"; sourceTree = "<group>"; };
		10A3E729241602D70091449E /* libpurl.a */ = {isa = PBXFileReference; lastKnownFileType = archive.ar; name = libpurl.a; path = ../lib/target/debug/libpurl.a; sourceTree = "<group>"; };
		10C73DBB243D90E5009E57C0 /* Command.swift */ = {isa = PBXFileReference; lastKnownFileType = sourcecode.swift; path = Command.swift; sourceTree = "<group>"; };
		10E09AFB243A6F9D002F87F8 /* MenuItem.swift */ = {isa = PBXFileReference; lastKnownFileType = sourcecode.swift; path = MenuItem.swift; sourceTree = "<group>"; };
		10E09B00243A7472002F87F8 /* QuitApplication.swift */ = {isa = PBXFileReference; lastKnownFileType = sourcecode.swift; path = QuitApplication.swift; sourceTree = "<group>"; };
		10E09B02243A749B002F87F8 /* ShowPreferences.swift */ = {isa = PBXFileReference; lastKnownFileType = sourcecode.swift; path = ShowPreferences.swift; sourceTree = "<group>"; };
		10E09B04243A74B3002F87F8 /* CleanCopiedUrl.swift */ = {isa = PBXFileReference; lastKnownFileType = sourcecode.swift; path = CleanCopiedUrl.swift; sourceTree = "<group>"; };
/* End PBXFileReference section */

/* Begin PBXFrameworksBuildPhase section */
		10A3E6F52415FEBF0091449E /* Frameworks */ = {
			isa = PBXFrameworksBuildPhase;
			buildActionMask = 2147483647;
			files = (
				103B5E0E241AA3CE00D2001A /* libpurl.a in Frameworks */,
			);
			runOnlyForDeploymentPostprocessing = 0;
		};
		10A3E70A2415FEC00091449E /* Frameworks */ = {
			isa = PBXFrameworksBuildPhase;
			buildActionMask = 2147483647;
			files = (
			);
			runOnlyForDeploymentPostprocessing = 0;
		};
/* End PBXFrameworksBuildPhase section */

/* Begin PBXGroup section */
		1007CBE9243C2DFB006FE6D2 /* Service */ = {
			isa = PBXGroup;
			children = (
				1007CBEB243C2E19006FE6D2 /* Service.swift */,
				1007CBF2243C343F006FE6D2 /* Single.swift */,
				1007CBED243C2E46006FE6D2 /* Container.swift */,
			);
			path = Service;
			sourceTree = "<group>";
		};
		1007CBEA243C2E0C006FE6D2 /* Shared */ = {
			isa = PBXGroup;
			children = (
				1007CBE9243C2DFB006FE6D2 /* Service */,
			);
			path = Shared;
			sourceTree = "<group>";
		};
		108056C7243D6F1300DFFAE7 /* Notification */ = {
			isa = PBXGroup;
			children = (
				108056CA243D6FD600DFFAE7 /* ShowNotification.swift */,
				108056C8243D6F2600DFFAE7 /* NotificationView.swift */,
				108056CC243D75F300DFFAE7 /* NotificationView.storyboard */,
			);
			path = Notification;
			sourceTree = "<group>";
		};
		10A0B69A241C11ED00FB2343 /* Core */ = {
			isa = PBXGroup;
			children = (
				10A0B69B241C122B00FB2343 /* Purl.swift */,
				1073C6E8241E74D00049CC65 /* Ref.swift */,
				10C73DBB243D90E5009E57C0 /* Command.swift */,
				1073C6E6241C3DE50049CC65 /* Geometry.swift */,
				1007CBF4243C4151006FE6D2 /* State.swift */,
				108056CE243D80C100DFFAE7 /* Dispatch.swift */,
			);
			path = Core;
			sourceTree = "<group>";
		};
		10A3E6EF2415FEBF0091449E = {
			isa = PBXGroup;
			children = (
				10A3E728241602460091449E /* Purl-Bridging-Header.h */,
				10A3E6FA2415FEBF0091449E /* Purl */,
				10A3E7102415FEC00091449E /* PurlTests */,
				10A3E6F92415FEBF0091449E /* Products */,
				10A3E723241601BC0091449E /* Frameworks */,
			);
			sourceTree = "<group>";
		};
		10A3E6F92415FEBF0091449E /* Products */ = {
			isa = PBXGroup;
			children = (
				10A3E6F82415FEBF0091449E /* Purl.app */,
				10A3E70D2415FEC00091449E /* PurlTests.xctest */,
			);
			name = Products;
			sourceTree = "<group>";
		};
		10A3E6FA2415FEBF0091449E /* Purl */ = {
			isa = PBXGroup;
			children = (
				10BC537C2419C8F8005CC276 /* App */,
				10A0B69A241C11ED00FB2343 /* Core */,
				1084C221243AE071009B7DB1 /* App.storyboard */,
				10A3E6FB2415FEBF0091449E /* AppDelegate.swift */,
				10A3E7072415FEC00091449E /* Info.plist */,
				10A3E6FF2415FEC00091449E /* Assets.xcassets */,
				10A3E7082415FEC00091449E /* Purl.entitlements */,
				10A3E7012415FEC00091449E /* Preview Content */,
			);
			path = Purl;
			sourceTree = "<group>";
		};
		10A3E7012415FEC00091449E /* Preview Content */ = {
			isa = PBXGroup;
			children = (
				10A3E7022415FEC00091449E /* Preview Assets.xcassets */,
			);
			path = "Preview Content";
			sourceTree = "<group>";
		};
		10A3E7102415FEC00091449E /* PurlTests */ = {
			isa = PBXGroup;
			children = (
				10A3E7112415FEC00091449E /* PurlTests.swift */,
				10A3E7132415FEC00091449E /* Info.plist */,
			);
			path = PurlTests;
			sourceTree = "<group>";
		};
		10A3E723241601BC0091449E /* Frameworks */ = {
			isa = PBXGroup;
			children = (
				10A3E729241602D70091449E /* libpurl.a */,
			);
			name = Frameworks;
			sourceTree = "<group>";
		};
		10BC537C2419C8F8005CC276 /* App */ = {
			isa = PBXGroup;
			children = (
				103B5E0C241A9A7600D2001A /* MainView.swift */,
				1007CBE7243C2ACC006FE6D2 /* Icon.swift */,
				1007CBF0243C2FF2006FE6D2 /* CleanUrl.swift */,
				103B5E09241A980600D2001A /* DropUrl.swift */,
				10E09AFF243A7468002F87F8 /* Menu */,
				108056C7243D6F1300DFFAE7 /* Notification */,
				1007CBEA243C2E0C006FE6D2 /* Shared */,
			);
			path = App;
			sourceTree = "<group>";
		};
		10C598CF243ADA6300558CA8 /* Commands */ = {
			isa = PBXGroup;
			children = (
				10E09B04243A74B3002F87F8 /* CleanCopiedUrl.swift */,
				10E09B00243A7472002F87F8 /* QuitApplication.swift */,
				10E09B02243A749B002F87F8 /* ShowPreferences.swift */,
			);
			path = Commands;
			sourceTree = "<group>";
		};
		10E09AFF243A7468002F87F8 /* Menu */ = {
			isa = PBXGroup;
			children = (
				1084C223243AE2F8009B7DB1 /* Menu.swift */,
				10E09AFB243A6F9D002F87F8 /* MenuItem.swift */,
				10C598CF243ADA6300558CA8 /* Commands */,
			);
			path = Menu;
			sourceTree = "<group>";
		};
/* End PBXGroup section */

/* Begin PBXNativeTarget section */
		10A3E6F72415FEBF0091449E /* Purl */ = {
			isa = PBXNativeTarget;
			buildConfigurationList = 10A3E7162415FEC00091449E /* Build configuration list for PBXNativeTarget "Purl" */;
			buildPhases = (
				10A3E6F42415FEBF0091449E /* Sources */,
				10A3E6F52415FEBF0091449E /* Frameworks */,
				10A3E6F62415FEBF0091449E /* Resources */,
			);
			buildRules = (
			);
			dependencies = (
			);
			name = Purl;
			productName = Purl;
			productReference = 10A3E6F82415FEBF0091449E /* Purl.app */;
			productType = "com.apple.product-type.application";
		};
		10A3E70C2415FEC00091449E /* PurlTests */ = {
			isa = PBXNativeTarget;
			buildConfigurationList = 10A3E7192415FEC00091449E /* Build configuration list for PBXNativeTarget "PurlTests" */;
			buildPhases = (
				10A3E7092415FEC00091449E /* Sources */,
				10A3E70A2415FEC00091449E /* Frameworks */,
				10A3E70B2415FEC00091449E /* Resources */,
			);
			buildRules = (
			);
			dependencies = (
				10A3E70F2415FEC00091449E /* PBXTargetDependency */,
			);
			name = PurlTests;
			productName = PurlTests;
			productReference = 10A3E70D2415FEC00091449E /* PurlTests.xctest */;
			productType = "com.apple.product-type.bundle.unit-test";
		};
/* End PBXNativeTarget section */

/* Begin PBXProject section */
		10A3E6F02415FEBF0091449E /* Project object */ = {
			isa = PBXProject;
			attributes = {
				LastSwiftUpdateCheck = 1130;
				LastUpgradeCheck = 1130;
				ORGANIZATIONNAME = tycobbb;
				TargetAttributes = {
					10A3E6F72415FEBF0091449E = {
						CreatedOnToolsVersion = 11.3.1;
					};
					10A3E70C2415FEC00091449E = {
						CreatedOnToolsVersion = 11.3.1;
						TestTargetID = 10A3E6F72415FEBF0091449E;
					};
				};
			};
			buildConfigurationList = 10A3E6F32415FEBF0091449E /* Build configuration list for PBXProject "Purl" */;
			compatibilityVersion = "Xcode 9.3";
			developmentRegion = en;
			hasScannedForEncodings = 0;
			knownRegions = (
				en,
				Base,
			);
			mainGroup = 10A3E6EF2415FEBF0091449E;
			productRefGroup = 10A3E6F92415FEBF0091449E /* Products */;
			projectDirPath = "";
			projectRoot = "";
			targets = (
				10A3E6F72415FEBF0091449E /* Purl */,
				10A3E70C2415FEC00091449E /* PurlTests */,
			);
		};
/* End PBXProject section */

/* Begin PBXResourcesBuildPhase section */
		10A3E6F62415FEBF0091449E /* Resources */ = {
			isa = PBXResourcesBuildPhase;
			buildActionMask = 2147483647;
			files = (
				108056CD243D75F300DFFAE7 /* NotificationView.storyboard in Resources */,
				10A3E7032415FEC00091449E /* Preview Assets.xcassets in Resources */,
				10A3E7002415FEC00091449E /* Assets.xcassets in Resources */,
				1084C222243AE071009B7DB1 /* App.storyboard in Resources */,
			);
			runOnlyForDeploymentPostprocessing = 0;
		};
		10A3E70B2415FEC00091449E /* Resources */ = {
			isa = PBXResourcesBuildPhase;
			buildActionMask = 2147483647;
			files = (
			);
			runOnlyForDeploymentPostprocessing = 0;
		};
/* End PBXResourcesBuildPhase section */

/* Begin PBXSourcesBuildPhase section */
		10A3E6F42415FEBF0091449E /* Sources */ = {
			isa = PBXSourcesBuildPhase;
			buildActionMask = 2147483647;
			files = (
				10E09AFC243A6F9D002F87F8 /* MenuItem.swift in Sources */,
				1007CBEC243C2E19006FE6D2 /* Service.swift in Sources */,
				1084C224243AE2F8009B7DB1 /* Menu.swift in Sources */,
				10C73DBC243D90E5009E57C0 /* Command.swift in Sources */,
				10E09B05243A74B3002F87F8 /* CleanCopiedUrl.swift in Sources */,
				10A0B69C241C122B00FB2343 /* Purl.swift in Sources */,
				1007CBF5243C4151006FE6D2 /* State.swift in Sources */,
				108056CF243D80C100DFFAE7 /* Dispatch.swift in Sources */,
				103B5E0D241A9A7600D2001A /* MainView.swift in Sources */,
				103B5E0A241A980600D2001A /* DropUrl.swift in Sources */,
				1007CBEE243C2E46006FE6D2 /* Container.swift in Sources */,
				10A3E6FC2415FEBF0091449E /* AppDelegate.swift in Sources */,
				1073C6E7241C3DE50049CC65 /* Geometry.swift in Sources */,
				1073C6E9241E74D00049CC65 /* Ref.swift in Sources */,
				1007CBE8243C2ACC006FE6D2 /* Icon.swift in Sources */,
				108056CB243D6FD600DFFAE7 /* ShowNotification.swift in Sources */,
				10E09B03243A749B002F87F8 /* ShowPreferences.swift in Sources */,
				10E09B01243A7472002F87F8 /* QuitApplication.swift in Sources */,
				1007CBF1243C2FF2006FE6D2 /* CleanUrl.swift in Sources */,
				108056C9243D6F2600DFFAE7 /* NotificationView.swift in Sources */,
				1007CBF3243C343F006FE6D2 /* Single.swift in Sources */,
			);
			runOnlyForDeploymentPostprocessing = 0;
		};
		10A3E7092415FEC00091449E /* Sources */ = {
			isa = PBXSourcesBuildPhase;
			buildActionMask = 2147483647;
			files = (
				10A3E7122415FEC00091449E /* PurlTests.swift in Sources */,
			);
			runOnlyForDeploymentPostprocessing = 0;
		};
/* End PBXSourcesBuildPhase section */

/* Begin PBXTargetDependency section */
		10A3E70F2415FEC00091449E /* PBXTargetDependency */ = {
			isa = PBXTargetDependency;
			target = 10A3E6F72415FEBF0091449E /* Purl */;
			targetProxy = 10A3E70E2415FEC00091449E /* PBXContainerItemProxy */;
		};
/* End PBXTargetDependency section */

/* Begin XCBuildConfiguration section */
		10A3E7142415FEC00091449E /* Debug */ = {
			isa = XCBuildConfiguration;
			buildSettings = {
				ALWAYS_SEARCH_USER_PATHS = NO;
				CLANG_ANALYZER_NONNULL = YES;
				CLANG_ANALYZER_NUMBER_OBJECT_CONVERSION = YES_AGGRESSIVE;
				CLANG_CXX_LANGUAGE_STANDARD = "gnu++14";
				CLANG_CXX_LIBRARY = "libc++";
				CLANG_ENABLE_MODULES = YES;
				CLANG_ENABLE_OBJC_ARC = YES;
				CLANG_ENABLE_OBJC_WEAK = YES;
				CLANG_WARN_BLOCK_CAPTURE_AUTORELEASING = YES;
				CLANG_WARN_BOOL_CONVERSION = YES;
				CLANG_WARN_COMMA = YES;
				CLANG_WARN_CONSTANT_CONVERSION = YES;
				CLANG_WARN_DEPRECATED_OBJC_IMPLEMENTATIONS = YES;
				CLANG_WARN_DIRECT_OBJC_ISA_USAGE = YES_ERROR;
				CLANG_WARN_DOCUMENTATION_COMMENTS = YES;
				CLANG_WARN_EMPTY_BODY = YES;
				CLANG_WARN_ENUM_CONVERSION = YES;
				CLANG_WARN_INFINITE_RECURSION = YES;
				CLANG_WARN_INT_CONVERSION = YES;
				CLANG_WARN_NON_LITERAL_NULL_CONVERSION = YES;
				CLANG_WARN_OBJC_IMPLICIT_RETAIN_SELF = YES;
				CLANG_WARN_OBJC_LITERAL_CONVERSION = YES;
				CLANG_WARN_OBJC_ROOT_CLASS = YES_ERROR;
				CLANG_WARN_RANGE_LOOP_ANALYSIS = YES;
				CLANG_WARN_STRICT_PROTOTYPES = YES;
				CLANG_WARN_SUSPICIOUS_MOVE = YES;
				CLANG_WARN_UNGUARDED_AVAILABILITY = YES_AGGRESSIVE;
				CLANG_WARN_UNREACHABLE_CODE = YES;
				CLANG_WARN__DUPLICATE_METHOD_MATCH = YES;
				COPY_PHASE_STRIP = NO;
				DEBUG_INFORMATION_FORMAT = dwarf;
				ENABLE_STRICT_OBJC_MSGSEND = YES;
				ENABLE_TESTABILITY = YES;
				GCC_C_LANGUAGE_STANDARD = gnu11;
				GCC_DYNAMIC_NO_PIC = NO;
				GCC_NO_COMMON_BLOCKS = YES;
				GCC_OPTIMIZATION_LEVEL = 0;
				GCC_PREPROCESSOR_DEFINITIONS = (
					"DEBUG=1",
					"$(inherited)",
				);
				GCC_WARN_64_TO_32_BIT_CONVERSION = YES;
				GCC_WARN_ABOUT_RETURN_TYPE = YES_ERROR;
				GCC_WARN_UNDECLARED_SELECTOR = YES;
				GCC_WARN_UNINITIALIZED_AUTOS = YES_AGGRESSIVE;
				GCC_WARN_UNUSED_FUNCTION = YES;
				GCC_WARN_UNUSED_VARIABLE = YES;
				MACOSX_DEPLOYMENT_TARGET = 10.14;
				MTL_ENABLE_DEBUG_INFO = INCLUDE_SOURCE;
				MTL_FAST_MATH = YES;
				ONLY_ACTIVE_ARCH = YES;
				SDKROOT = macosx;
				SWIFT_ACTIVE_COMPILATION_CONDITIONS = DEBUG;
				SWIFT_OPTIMIZATION_LEVEL = "-Onone";
			};
			name = Debug;
		};
		10A3E7152415FEC00091449E /* Release */ = {
			isa = XCBuildConfiguration;
			buildSettings = {
				ALWAYS_SEARCH_USER_PATHS = NO;
				CLANG_ANALYZER_NONNULL = YES;
				CLANG_ANALYZER_NUMBER_OBJECT_CONVERSION = YES_AGGRESSIVE;
				CLANG_CXX_LANGUAGE_STANDARD = "gnu++14";
				CLANG_CXX_LIBRARY = "libc++";
				CLANG_ENABLE_MODULES = YES;
				CLANG_ENABLE_OBJC_ARC = YES;
				CLANG_ENABLE_OBJC_WEAK = YES;
				CLANG_WARN_BLOCK_CAPTURE_AUTORELEASING = YES;
				CLANG_WARN_BOOL_CONVERSION = YES;
				CLANG_WARN_COMMA = YES;
				CLANG_WARN_CONSTANT_CONVERSION = YES;
				CLANG_WARN_DEPRECATED_OBJC_IMPLEMENTATIONS = YES;
				CLANG_WARN_DIRECT_OBJC_ISA_USAGE = YES_ERROR;
				CLANG_WARN_DOCUMENTATION_COMMENTS = YES;
				CLANG_WARN_EMPTY_BODY = YES;
				CLANG_WARN_ENUM_CONVERSION = YES;
				CLANG_WARN_INFINITE_RECURSION = YES;
				CLANG_WARN_INT_CONVERSION = YES;
				CLANG_WARN_NON_LITERAL_NULL_CONVERSION = YES;
				CLANG_WARN_OBJC_IMPLICIT_RETAIN_SELF = YES;
				CLANG_WARN_OBJC_LITERAL_CONVERSION = YES;
				CLANG_WARN_OBJC_ROOT_CLASS = YES_ERROR;
				CLANG_WARN_RANGE_LOOP_ANALYSIS = YES;
				CLANG_WARN_STRICT_PROTOTYPES = YES;
				CLANG_WARN_SUSPICIOUS_MOVE = YES;
				CLANG_WARN_UNGUARDED_AVAILABILITY = YES_AGGRESSIVE;
				CLANG_WARN_UNREACHABLE_CODE = YES;
				CLANG_WARN__DUPLICATE_METHOD_MATCH = YES;
				COPY_PHASE_STRIP = NO;
				DEBUG_INFORMATION_FORMAT = "dwarf-with-dsym";
				ENABLE_NS_ASSERTIONS = NO;
				ENABLE_STRICT_OBJC_MSGSEND = YES;
				GCC_C_LANGUAGE_STANDARD = gnu11;
				GCC_NO_COMMON_BLOCKS = YES;
				GCC_WARN_64_TO_32_BIT_CONVERSION = YES;
				GCC_WARN_ABOUT_RETURN_TYPE = YES_ERROR;
				GCC_WARN_UNDECLARED_SELECTOR = YES;
				GCC_WARN_UNINITIALIZED_AUTOS = YES_AGGRESSIVE;
				GCC_WARN_UNUSED_FUNCTION = YES;
				GCC_WARN_UNUSED_VARIABLE = YES;
				MACOSX_DEPLOYMENT_TARGET = 10.14;
				MTL_ENABLE_DEBUG_INFO = NO;
				MTL_FAST_MATH = YES;
				SDKROOT = macosx;
				SWIFT_COMPILATION_MODE = wholemodule;
				SWIFT_OPTIMIZATION_LEVEL = "-O";
			};
			name = Release;
		};
		10A3E7172415FEC00091449E /* Debug */ = {
			isa = XCBuildConfiguration;
			buildSettings = {
				ASSETCATALOG_COMPILER_APPICON_NAME = AppIcon;
				CODE_SIGN_ENTITLEMENTS = Purl/Purl.entitlements;
				CODE_SIGN_STYLE = Automatic;
				COMBINE_HIDPI_IMAGES = YES;
				DEVELOPMENT_ASSET_PATHS = "\"Purl/Preview Content\"";
				ENABLE_PREVIEWS = YES;
				HEADER_SEARCH_PATHS = ../lib/;
				INFOPLIST_FILE = Purl/Info.plist;
				LD_RUNPATH_SEARCH_PATHS = (
					"$(inherited)",
					"@executable_path/../Frameworks",
				);
				LIBRARY_SEARCH_PATHS = ../lib/target/debug/;
				MACOSX_DEPLOYMENT_TARGET = 10.14;
				PRODUCT_BUNDLE_IDENTIFIER = dev.tycobbb.Purl;
				PRODUCT_NAME = "$(TARGET_NAME)";
				SWIFT_OBJC_BRIDGING_HEADER = "Purl-Bridging-Header.h";
				SWIFT_VERSION = 5.0;
			};
			name = Debug;
		};
		10A3E7182415FEC00091449E /* Release */ = {
			isa = XCBuildConfiguration;
			buildSettings = {
				ASSETCATALOG_COMPILER_APPICON_NAME = AppIcon;
				CODE_SIGN_ENTITLEMENTS = Purl/Purl.entitlements;
				CODE_SIGN_STYLE = Automatic;
				COMBINE_HIDPI_IMAGES = YES;
				DEVELOPMENT_ASSET_PATHS = "\"Purl/Preview Content\"";
				ENABLE_PREVIEWS = YES;
				HEADER_SEARCH_PATHS = ../lib/;
				INFOPLIST_FILE = Purl/Info.plist;
				LD_RUNPATH_SEARCH_PATHS = (
					"$(inherited)",
					"@executable_path/../Frameworks",
				);
				LIBRARY_SEARCH_PATHS = ../lib/target/debug;
				MACOSX_DEPLOYMENT_TARGET = 10.14;
				PRODUCT_BUNDLE_IDENTIFIER = dev.tycobbb.Purl;
				PRODUCT_NAME = "$(TARGET_NAME)";
				SWIFT_OBJC_BRIDGING_HEADER = "Purl-Bridging-Header.h";
				SWIFT_VERSION = 5.0;
			};
			name = Release;
		};
		10A3E71A2415FEC00091449E /* Debug */ = {
			isa = XCBuildConfiguration;
			buildSettings = {
				ALWAYS_EMBED_SWIFT_STANDARD_LIBRARIES = YES;
				BUNDLE_LOADER = "$(TEST_HOST)";
				CODE_SIGN_STYLE = Automatic;
				COMBINE_HIDPI_IMAGES = YES;
				INFOPLIST_FILE = PurlTests/Info.plist;
				LD_RUNPATH_SEARCH_PATHS = (
					"$(inherited)",
					"@executable_path/../Frameworks",
					"@loader_path/../Frameworks",
				);
				MACOSX_DEPLOYMENT_TARGET = 10.15;
				PRODUCT_BUNDLE_IDENTIFIER = dev.tycobbb.PurlTests;
				PRODUCT_NAME = "$(TARGET_NAME)";
				SWIFT_VERSION = 5.0;
				TEST_HOST = "$(BUILT_PRODUCTS_DIR)/Purl.app/Contents/MacOS/Purl";
			};
			name = Debug;
		};
		10A3E71B2415FEC00091449E /* Release */ = {
			isa = XCBuildConfiguration;
			buildSettings = {
				ALWAYS_EMBED_SWIFT_STANDARD_LIBRARIES = YES;
				BUNDLE_LOADER = "$(TEST_HOST)";
				CODE_SIGN_STYLE = Automatic;
				COMBINE_HIDPI_IMAGES = YES;
				INFOPLIST_FILE = PurlTests/Info.plist;
				LD_RUNPATH_SEARCH_PATHS = (
					"$(inherited)",
					"@executable_path/../Frameworks",
					"@loader_path/../Frameworks",
				);
				MACOSX_DEPLOYMENT_TARGET = 10.15;
				PRODUCT_BUNDLE_IDENTIFIER = dev.tycobbb.PurlTests;
				PRODUCT_NAME = "$(TARGET_NAME)";
				SWIFT_VERSION = 5.0;
				TEST_HOST = "$(BUILT_PRODUCTS_DIR)/Purl.app/Contents/MacOS/Purl";
			};
			name = Release;
		};
/* End XCBuildConfiguration section */

/* Begin XCConfigurationList section */
		10A3E6F32415FEBF0091449E /* Build configuration list for PBXProject "Purl" */ = {
			isa = XCConfigurationList;
			buildConfigurations = (
				10A3E7142415FEC00091449E /* Debug */,
				10A3E7152415FEC00091449E /* Release */,
			);
			defaultConfigurationIsVisible = 0;
			defaultConfigurationName = Release;
		};
		10A3E7162415FEC00091449E /* Build configuration list for PBXNativeTarget "Purl" */ = {
			isa = XCConfigurationList;
			buildConfigurations = (
				10A3E7172415FEC00091449E /* Debug */,
				10A3E7182415FEC00091449E /* Release */,
			);
			defaultConfigurationIsVisible = 0;
			defaultConfigurationName = Release;
		};
		10A3E7192415FEC00091449E /* Build configuration list for PBXNativeTarget "PurlTests" */ = {
			isa = XCConfigurationList;
			buildConfigurations = (
				10A3E71A2415FEC00091449E /* Debug */,
				10A3E71B2415FEC00091449E /* Release */,
			);
			defaultConfigurationIsVisible = 0;
			defaultConfigurationName = Release;
		};
/* End XCConfigurationList section */
	};
	rootObject = 10A3E6F02415FEBF0091449E /* Project object */;
}
